
Microsoft Visual Studio Solution File, Format Version 12.00
# Visual Studio 15
VisualStudioVersion = 15.0.28307.329
MinimumVisualStudioVersion = 10.0.40219.1
Project("{FAE04EC0-301F-11D3-BF4B-00C04F79EFBC}") = "SharePointManager", "SharePointManagementFunc\SharePointManager.csproj", "{D81CD053-FBDE-4E52-AE90-10B202A6FC33}"
EndProject
Global
	GlobalSection(SolutionConfigurationPlatforms) = preSolution
		Debug|Any CPU = Debug|Any CPU
		Release|Any CPU = Release|Any CPU
	EndGlobalSection
	GlobalSection(ProjectConfigurationPlatforms) = postSolution
		{D81CD053-FBDE-4E52-AE90-10B202A6FC33}.Debug|Any CPU.ActiveCfg = Debug|Any CPU
		{D81CD053-FBDE-4E52-AE90-10B202A6FC33}.Debug|Any CPU.Build.0 = Debug|Any CPU
		{D81CD053-FBDE-4E52-AE90-10B202A6FC33}.Release|Any CPU.ActiveCfg = Release|Any CPU
		{D81CD053-FBDE-4E52-AE90-10B202A6FC33}.Release|Any CPU.Build.0 = Release|Any CPU
	EndGlobalSection
	GlobalSection(SolutionProperties) = preSolution
		HideSolutionNode = FALSE
	EndGlobalSection
	GlobalSection(ExtensibilityGlobals) = postSolution
		SolutionGuid = {ADFF37C6-C5D5-4052-BA01-5F4AF9D142F3}
	EndGlobalSection
EndGlobal
